
Microsoft Visual Studio Solution File, Format Version 12.00
# Visual Studio Version 17
VisualStudioVersion = 17.8.34205.153
MinimumVisualStudioVersion = 10.0.40219.1
Project("{9A19103F-16F7-4668-BE54-9A1E7A4F7556}") = "BlazorFluentButtonPerf", "BlazorFluentButtonPerf.csproj", "{5C82D656-512C-4823-9342-937C94CA148A}"
EndProject
Global
	GlobalSection(SolutionConfigurationPlatforms) = preSolution
		Debug|Any CPU = Debug|Any CPU
		Release|Any CPU = Release|Any CPU
	EndGlobalSection
	GlobalSection(ProjectConfigurationPlatforms) = postSolution
		{5C82D656-512C-4823-9342-937C94CA148A}.Debug|Any CPU.ActiveCfg = Debug|Any CPU
		{5C82D656-512C-4823-9342-937C94CA148A}.Debug|Any CPU.Build.0 = Debug|Any CPU
		{5C82D656-512C-4823-9342-937C94CA148A}.Release|Any CPU.ActiveCfg = Release|Any CPU
		{5C82D656-512C-4823-9342-937C94CA148A}.Release|Any CPU.Build.0 = Release|Any CPU
	EndGlobalSection
	GlobalSection(SolutionProperties) = preSolution
		HideSolutionNode = FALSE
	EndGlobalSection
	GlobalSection(ExtensibilityGlobals) = postSolution
		SolutionGuid = {6B73AD36-FD0A-4B86-A44C-0DEE9B117A93}
	EndGlobalSection
EndGlobal
